
Microsoft Visual Studio Solution File, Format Version 12.00
# Visual Studio 2013
VisualStudioVersion = 12.0.40629.0
MinimumVisualStudioVersion = 10.0.40219.1
Project("{FAE04EC0-301F-11D3-BF4B-00C04F79EFBC}") = "EssentialExtensionSet", "EssentialExtensionSet\EssentialExtensionSet.csproj", "{DC7B62F6-8666-4394-80DE-A1FFB0A4B6D6}"
EndProject
Global
	GlobalSection(CodealikeProperties) = postSolution
		SolutionGuid = 7acc4598-f5ae-4cca-82ec-be52c92754b5
	EndGlobalSection
	GlobalSection(SolutionConfigurationPlatforms) = preSolution
		Debug|Any CPU = Debug|Any CPU
		Release|Any CPU = Release|Any CPU
	EndGlobalSection
	GlobalSection(ProjectConfigurationPlatforms) = postSolution
		{DC7B62F6-8666-4394-80DE-A1FFB0A4B6D6}.Debug|Any CPU.ActiveCfg = Debug|Any CPU
		{DC7B62F6-8666-4394-80DE-A1FFB0A4B6D6}.Debug|Any CPU.Build.0 = Debug|Any CPU
		{DC7B62F6-8666-4394-80DE-A1FFB0A4B6D6}.Release|Any CPU.ActiveCfg = Release|Any CPU
		{DC7B62F6-8666-4394-80DE-A1FFB0A4B6D6}.Release|Any CPU.Build.0 = Release|Any CPU
	EndGlobalSection
	GlobalSection(SolutionProperties) = preSolution
		HideSolutionNode = FALSE
	EndGlobalSection
EndGlobal
